
Microsoft Visual Studio Solution File, Format Version 11.00
# Visual Studio 2010
Project("{8BC9CEB8-8B4A-11D0-8D11-00A0C91BC942}") = "gameap-starter", "gameap-starter.vcxproj", "{BD5E8BDB-E5CB-4B33-A9DD-AA340FE27728}"
EndProject
Global
	GlobalSection(SolutionConfigurationPlatforms) = preSolution
		Debug|Win32 = Debug|Win32
		Release|Win32 = Release|Win32
	EndGlobalSection
	GlobalSection(ProjectConfigurationPlatforms) = postSolution
		{BD5E8BDB-E5CB-4B33-A9DD-AA340FE27728}.Debug|Win32.ActiveCfg = Debug|Win32
		{BD5E8BDB-E5CB-4B33-A9DD-AA340FE27728}.Debug|Win32.Build.0 = Debug|Win32
		{BD5E8BDB-E5CB-4B33-A9DD-AA340FE27728}.Release|Win32.ActiveCfg = Release|Win32
		{BD5E8BDB-E5CB-4B33-A9DD-AA340FE27728}.Release|Win32.Build.0 = Release|Win32
	EndGlobalSection
	GlobalSection(SolutionProperties) = preSolution
		HideSolutionNode = FALSE
	EndGlobalSection
EndGlobal
